
Microsoft Visual Studio Solution File, Format Version 12.00
# Visual Studio Version 16
VisualStudioVersion = 16.0.35130.168
MinimumVisualStudioVersion = 10.0.40219.1
Project("{FAE04EC0-301F-11D3-BF4B-00C04F79EFBC}") = "Bici_auto_camion", "Bici_auto_camion.csproj", "{26C30E56-B7B0-448C-973B-AB6FD468DF7B}"
EndProject
Global
	GlobalSection(SolutionConfigurationPlatforms) = preSolution
		Debug|Any CPU = Debug|Any CPU
		Release|Any CPU = Release|Any CPU
	EndGlobalSection
	GlobalSection(ProjectConfigurationPlatforms) = postSolution
		{26C30E56-B7B0-448C-973B-AB6FD468DF7B}.Debug|Any CPU.ActiveCfg = Debug|Any CPU
		{26C30E56-B7B0-448C-973B-AB6FD468DF7B}.Debug|Any CPU.Build.0 = Debug|Any CPU
		{26C30E56-B7B0-448C-973B-AB6FD468DF7B}.Release|Any CPU.ActiveCfg = Release|Any CPU
		{26C30E56-B7B0-448C-973B-AB6FD468DF7B}.Release|Any CPU.Build.0 = Release|Any CPU
	EndGlobalSection
	GlobalSection(SolutionProperties) = preSolution
		HideSolutionNode = FALSE
	EndGlobalSection
	GlobalSection(ExtensibilityGlobals) = postSolution
		SolutionGuid = {D6D15DB5-7967-4315-8F3C-6B78A89E75D4}
	EndGlobalSection
EndGlobal
